schema_version: 1
frozen_on: '2026-09-05'
scope: automatic development research; pinned assets, no human-rating substitution
base_asset_lock: configs/assets.lock.yaml
platform: Windows x86_64; CPython 3.11
diagnostic_source_revisions:
  adaface: c60eaa786a42c03444f3df7096dbaf9d57ae010d
diagnostic_packages:
  lpips:
    version: 0.1.4
    path: artifacts/cache/auto_research/wheels/lpips-0.1.4-py3-none-any.whl
    sha256: fd537af5828b69d2e6ffc0a397bd506dbc28ca183543617690844c08e102ec5e
    bytes: 53763
    url: https://files.pythonhosted.org/packages/9b/13/1df50c7925d9d2746702719f40e864f51ed66f307b20ad32392f1ad2bb87/lpips-0.1.4-py3-none-any.whl
  mediapipe:
    version: 0.10.32
    path: artifacts/cache/auto_research/wheels/mediapipe-0.10.32-py3-none-win_amd64.whl
    sha256: 438d98977a4e1b0f88070ad16537a328912f847ce9debf236da047b0b483cbfd
    bytes: 10211344
    url: https://files.pythonhosted.org/packages/fe/63/c9172142521fc334fa891be9ef6259a3790502041b395127d63755cb3f0b/mediapipe-0.10.32-py3-none-win_amd64.whl
  absl-py:
    version: 2.3.1
    path: artifacts/cache/auto_research/wheels/absl_py-2.3.1-py3-none-any.whl
    sha256: eeecf07f0c2a93ace0772c92e596ace6d3d3996c042b2128459aaae2a76de11d
    bytes: 135811
    url: https://files.pythonhosted.org/packages/8f/aa/ba0014cc4659328dc818a28827be78e6d97312ab0cb98105a770924dc11e/absl_py-2.3.1-py3-none-any.whl
  sounddevice:
    version: 0.5.3
    url: https://files.pythonhosted.org/packages/66/c7/16123d054aef6d445176c9122bfbe73c11087589b2413cab22aff5a7839a/sounddevice-0.5.3-py3-none-win_amd64.whl
    path: artifacts/cache/auto_research/wheels/sounddevice-0.5.3-py3-none-win_amd64.whl
    bytes: 364025
    sha256: f55ad20082efc2bdec06928e974fbcae07bc6c405409ae1334cefe7d377eb687
  cffi:
    version: 2.0.0
    url: https://files.pythonhosted.org/packages/ae/8f/dc5531155e7070361eb1b7e4c1a9d896d0cb21c49f807a6c03fd63fc877e/cffi-2.0.0-cp311-cp311-win_amd64.whl
    path: artifacts/cache/auto_research/wheels/cffi-2.0.0-cp311-cp311-win_amd64.whl
    bytes: 182820
    sha256: 66f011380d0e49ed280c789fbd08ff0d40968ee7b665575489afa95c98196ab5
  pycparser:
    version: '2.23'
    url: https://files.pythonhosted.org/packages/a0/e3/59cd50310fc9b59512193629e1984c1f95e5c8ae6e5d8c69532ccc65a7fe/pycparser-2.23-py3-none-any.whl
    path: artifacts/cache/auto_research/wheels/pycparser-2.23-py3-none-any.whl
    bytes: 118140
    sha256: e5c6e8d3fbad53479cab09ac03729e0a9faf2bee3db8208a550daf5af81a5934
diagnostic_assets:
  adaface_net.py:
    url: https://raw.githubusercontent.com/mk-minchul/AdaFace/c60eaa786a42c03444f3df7096dbaf9d57ae010d/net.py
    path: artifacts/cache/auto_research/AdaFace/net.py
    bytes: 12787
    sha256: b4db4eb0174a385fd29e5f616391b50d443f455990c8b88dcab1f8021af8ba4c
  adaface_inference.py:
    url: https://raw.githubusercontent.com/mk-minchul/AdaFace/c60eaa786a42c03444f3df7096dbaf9d57ae010d/inference.py
    path: artifacts/cache/auto_research/AdaFace/inference.py
    bytes: 1380
    sha256: 5c0758cb3218ccf8c5ebfcaea71aca59da7332e94c0c2a57dbe87bc21b4f8cfa
  adaface_README.md:
    url: https://raw.githubusercontent.com/mk-minchul/AdaFace/c60eaa786a42c03444f3df7096dbaf9d57ae010d/README.md
    path: artifacts/cache/auto_research/AdaFace/README.md
    bytes: 17214
    sha256: c3e65e47bb06a6387287bb76efe0fcf835ffbec466c305eb0a9744cc362ff18a
  adaface_LICENSE:
    url: https://raw.githubusercontent.com/mk-minchul/AdaFace/c60eaa786a42c03444f3df7096dbaf9d57ae010d/LICENSE
    path: artifacts/cache/auto_research/AdaFace/LICENSE
    bytes: 1067
    sha256: 95b6e493eb9dba27f2150304e790ae254bab18d1611f4d6e2ade28fa3a271583
  alexnet:
    url: https://download.pytorch.org/models/alexnet-owt-7be5be79.pth
    path: artifacts/cache/auto_research/torch/hub/checkpoints/alexnet-owt-7be5be79.pth
    bytes: 244408911
    sha256: 7be5be791159472b1fbf3c69796f7cb30dca7ad8466c2df70058c37116cdee02
  landmarker:
    url: https://storage.googleapis.com/mediapipe-models/face_landmarker/face_landmarker/float16/1/face_landmarker.task
    path: artifacts/cache/auto_research/face_landmarker.task
    bytes: 3758596
    sha256: 64184e229b263107bc2b804c6625db1341ff2bb731874b0bcc2fe6544e0bc9ff
  adaface_weights:
    url: https://drive.usercontent.google.com/download?id=1BmDRrhPsHSbXcWZoYFPJg2KJn1sd3QpN&export=download&confirm=t
    path: artifacts/cache/auto_research/adaface_ir50_webface4m.ckpt
    bytes: 596517267
    sha256: 52cca7c64808fea6f44f9b9aee2b0e091bf96c1ab4f6e31bedcdf5d77009b4f8
packaged_resources:
  lpips_alex_v01_calibration:
    package: lpips
    package_version: 0.1.4
    wheel_member: lpips/weights/v0.1/alex.pth
    path: .venv-auto/Lib/site-packages/lpips/weights/v0.1/alex.pth
    sha256: df73285e35b22355a2df87cdb6b70b343713b667eddbda73e1977e0c860835c0
    bytes: 6009
pulid:
  code_revision: 1aa2fc7df4bf51080df39f355f9abdc1cbfefbaa
  model_version: v1.1 SDXL
  assets:
  - path: artifacts/cache/auto_research/pulid/source/PuLID-1aa2fc7df4bf51080df39f355f9abdc1cbfefbaa.zip
    sha256: e1416c470131842cfb31328eb76ae816ef649d738618bc43b5c0969c254780c9
    bytes: 4247047
    url: https://codeload.github.com/ToTheBeginning/PuLID/zip/1aa2fc7df4bf51080df39f355f9abdc1cbfefbaa
  - url: https://raw.githubusercontent.com/XPixelGroup/BasicSR/v1.4.2/basicsr/utils/img_util.py
    path: artifacts/cache/auto_research/pulid/runtime/audit/basicsr_v1.4.2_img_util.py
    bytes: 6195
    sha256: 4355eb11d995ee01f7a6c6f88dfd41025360348b11105d70c11288eca926f537
  - path: artifacts/cache/auto_research/pulid/runtime/models/pulid_v1.1.safetensors
    sha256: 4cb8ceec1078e0165399b88332ab3c5971619111b8e1730e6bae64144aabae41
    bytes: 984405232
    url: https://huggingface.co/guozinan/PuLID/resolve/d58b3ba191be1280c37ace0656a2e65cd9b8c8d8/pulid_v1.1.safetensors
  - path: artifacts/cache/auto_research/pulid/runtime/models/EVA02_CLIP_L_336_psz14_s6B.pt
    sha256: 84c3a17a228c567a155259b2245b0b59072bf7da510260a0a02ec54de6d50b05
    bytes: 856461210
    url: https://huggingface.co/QuanSun/EVA-CLIP/resolve/690a5975ca06e9a43d16bae440dd08213bfff0c5/EVA02_CLIP_L_336_psz14_s6B.pt
  - path: artifacts/cache/auto_research/pulid/runtime/models/antelopev2/1k3d68.onnx
    sha256: df5c06b8a0c12e422b2ed8947b8869faa4105387f199c477af038aa01f9a45cc
    bytes: 143607619
    url: https://huggingface.co/DIAMONIK7777/antelopev2/resolve/ba0c3e10f4548361eb9a63265d87ce1140ab5a05/1k3d68.onnx
  - path: artifacts/cache/auto_research/pulid/runtime/models/antelopev2/2d106det.onnx
    sha256: f001b856447c413801ef5c42091ed0cd516fcd21f2d6b79635b1e733a7109dbf
    bytes: 5030888
    url: https://huggingface.co/DIAMONIK7777/antelopev2/resolve/ba0c3e10f4548361eb9a63265d87ce1140ab5a05/2d106det.onnx
  - path: artifacts/cache/auto_research/pulid/runtime/models/antelopev2/genderage.onnx
    sha256: 4fde69b1c810857b88c64a335084f1c3fe8f01246c9a191b48c7bb756d6652fb
    bytes: 1322532
    url: https://huggingface.co/DIAMONIK7777/antelopev2/resolve/ba0c3e10f4548361eb9a63265d87ce1140ab5a05/genderage.onnx
  - path: artifacts/cache/auto_research/pulid/runtime/models/antelopev2/glintr100.onnx
    sha256: 4ab1d6435d639628a6f3e5008dd4f929edf4c4124b1a7169e1048f9fef534cdf
    bytes: 260665334
    url: https://huggingface.co/DIAMONIK7777/antelopev2/resolve/ba0c3e10f4548361eb9a63265d87ce1140ab5a05/glintr100.onnx
  - path: artifacts/cache/auto_research/pulid/runtime/facexlib/weights/detection_Resnet50_Final.pth
    sha256: 6d1de9c2944f2ccddca5f5e010ea5ae64a39845a86311af6fdf30841b0a5a16d
    bytes: 109497761
    url: https://github.com/xinntao/facexlib/releases/download/v0.1.0/detection_Resnet50_Final.pth
  - path: artifacts/cache/auto_research/pulid/runtime/facexlib/weights/parsing_bisenet.pth
    sha256: 468e13ca13a9b43cc0881a9f99083a430e9c0a38abd935431d1c28ee94b26567
    bytes: 53289463
    url: https://github.com/xinntao/facexlib/releases/download/v0.2.0/parsing_bisenet.pth
  - path: artifacts/cache/auto_research/pulid/runtime/facexlib/weights/parsing_parsenet.pth
    sha256: 3d558d8d0e42c20224f13cf5a29c79eba2d59913419f945545d8cf7b72920de2
    bytes: 85331193
    url: https://github.com/xinntao/facexlib/releases/download/v0.2.2/parsing_parsenet.pth
  - path: artifacts/cache/auto_research/pulid/runtime/models/antelopev2/scrfd_10g_bnkps.onnx
    sha256: 5838f7fe053675b1c7a08b633df49e7af5495cee0493c7dcf6697200b85b5b91
    bytes: 16923827
    source: artifacts/cache/models/insightface/models/buffalo_l/det_10g.onnx
    source_archive_url: https://github.com/deepinsight/insightface/releases/download/v0.7/buffalo_l.zip
    source_archive_member: det_10g.onnx
    source_archive_sha256: 80ffe37d8a5940d59a7384c201a2a38d4741f2f3c51eef46ebb28218a7b0ca2f
  source_patch:
    upstream_revision: 1aa2fc7df4bf51080df39f355f9abdc1cbfefbaa
    file: pulid/pipeline_v1_1.py
    before_sha256: b2e401538bec28c37e14bd282bc5541bae88f7c5c27ba55019c3a2bba8f8925d
    after_sha256: da0b6c20b279abb90dc22622bf3283bc6856bf40e4ecd58c0b094d4fb8a4dcf9
    patch: '- from basicsr.utils import img2tensor, tensor2img

      + from pulid.utils import img2tensor, tensor2img'
    purpose: Use the same BasicSR image conversion helpers already vendored by the official PuLID repository; avoid
      loading unrelated training dependencies
    algorithm_changes: none; helper equivalence verified by compatibility probe
    verification_artifact: artifacts/cache/auto_research/pulid/CPU_import_probe.json
license_notes:
  adaface: Official AdaFace code is MIT. The released WebFace4M checkpoint is used as a local research asset; do
    not infer additional face-data redistribution rights from the code license.
  lpips: Official LPIPS code uses a BSD-style license; AlexNet and calibration weight provenance is recorded separately.
  mediapipe: Official MediaPipe code is Apache-2.0; model-bundle source is the official Google model registry.
  pulid: Official PuLID code is Apache-2.0. InsightFace pretrained face assets remain subject to their research/non-commercial
    terms.
  antelopev2: DIAMONIK7777 is the mirror referenced by official PuLID v1.1, not the original model publisher. Hashes
    and immutable mirror revision are pinned. The SCRFD detector is the already locked local official InsightFace
    buffalo_l copy.
  facexlib: Pretrained detector/parser files use official facexlib release URLs; code license is not an assertion
    of unrestricted training-data rights.
  basic_sr_helpers: The one import patch uses helpers vendored in official PuLID; equivalence was checked against
    BasicSR v1.4.2 without changing the generation algorithm.
